
Microsoft Visual Studio Solution File, Format Version 12.00
# Visual Studio Version 17
VisualStudioVersion = 17.5.002.0
MinimumVisualStudioVersion = 10.0.40219.1
Project("{9A19103F-16F7-4668-BE54-9A1E7A4F7556}") = "taller_evaluativo_poo", "taller_evaluativo_poo\taller_evaluativo_poo.csproj", "{657C5F4D-EE19-4B09-9FCE-6CF0EABBC50A}"
EndProject
Global
	GlobalSection(SolutionConfigurationPlatforms) = preSolution
		Debug|Any CPU = Debug|Any CPU
		Release|Any CPU = Release|Any CPU
	EndGlobalSection
	GlobalSection(ProjectConfigurationPlatforms) = postSolution
		{657C5F4D-EE19-4B09-9FCE-6CF0EABBC50A}.Debug|Any CPU.ActiveCfg = Debug|Any CPU
		{657C5F4D-EE19-4B09-9FCE-6CF0EABBC50A}.Debug|Any CPU.Build.0 = Debug|Any CPU
		{657C5F4D-EE19-4B09-9FCE-6CF0EABBC50A}.Release|Any CPU.ActiveCfg = Release|Any CPU
		{657C5F4D-EE19-4B09-9FCE-6CF0EABBC50A}.Release|Any CPU.Build.0 = Release|Any CPU
	EndGlobalSection
	GlobalSection(SolutionProperties) = preSolution
		HideSolutionNode = FALSE
	EndGlobalSection
	GlobalSection(ExtensibilityGlobals) = postSolution
		SolutionGuid = {97D3EA84-7777-4B22-8276-9DF1ECDF7BED}
	EndGlobalSection
EndGlobal
